
Microsoft Visual Studio Solution File, Format Version 12.00
# Visual Studio Version 16
VisualStudioVersion = 16.0.30011.22
MinimumVisualStudioVersion = 10.0.40219.1
Project("{9A19103F-16F7-4668-BE54-9A1E7A4F7556}") = "CzTrainApi.Web", "CzTrainApi.Web\CzTrainApi.Web.csproj", "{D7AC0ABE-3A88-454F-87AA-BE3E089747CC}"
EndProject
Project("{9A19103F-16F7-4668-BE54-9A1E7A4F7556}") = "CzTrainApi.ViewModels", "CzTrainApi.ViewModels\CzTrainApi.ViewModels.csproj", "{C59BD958-7D8B-4E6A-AC5F-F00F025DA004}"
EndProject
Project("{9A19103F-16F7-4668-BE54-9A1E7A4F7556}") = "CzTrainApi.Db", "CzTrainApi.Db\CzTrainApi.Db.csproj", "{B462EFC6-A964-436F-9A2D-DFE4358AFEA0}"
EndProject
Project("{9A19103F-16F7-4668-BE54-9A1E7A4F7556}") = "CzTrainApi.Entities", "CzTrainApi.Entities\CzTrainApi.Entities.csproj", "{3E1C9798-7AE3-400E-9B76-3EDBD0DDF77A}"
EndProject
Project("{9A19103F-16F7-4668-BE54-9A1E7A4F7556}") = "CzTrainApi.Services", "CzTrainApi.Services\CzTrainApi.Services.csproj", "{04F48CDB-0465-4521-9CAA-56C023137A66}"
EndProject
Project("{9A19103F-16F7-4668-BE54-9A1E7A4F7556}") = "CzTrainApi.Services.Contracts", "CzTrainApi.Services.Contracts\CzTrainApi.Services.Contracts.csproj", "{EB20D34B-2A78-4648-92D9-245AFFB6FE37}"
EndProject
Project("{9A19103F-16F7-4668-BE54-9A1E7A4F7556}") = "CzTrainApi.Common", "CzTrainApi.Common\CzTrainApi.Common.csproj", "{8F754EE4-7F6A-45E1-AFF0-7270AE7FB354}"
EndProject
Project("{2150E333-8FDC-42A3-9474-1A3956D46DE8}") = "Apis", "Apis", "{5E047761-DBC2-486C-AE8B-96FA0A783040}"
EndProject
Project("{9A19103F-16F7-4668-BE54-9A1E7A4F7556}") = "CzTrainApi.Apis.Token", "CzTrainApi.Apis.Token\CzTrainApi.Apis.Token.csproj", "{E525185E-A0F3-40DB-9D4D-0EE66DBBCC61}"
EndProject
Project("{9A19103F-16F7-4668-BE54-9A1E7A4F7556}") = "CzTrainApi.Apis.Katalog", "CzTrainApi.Apis.Katalog\CzTrainApi.Apis.Katalog.csproj", "{61F5DFBD-8105-4599-BE89-2BA89CC97A67}"
EndProject
Project("{2150E333-8FDC-42A3-9474-1A3956D46DE8}") = "Client", "Client", "{637ADAC3-205F-4E67-B5AB-674C3D530B98}"
EndProject
Global
	GlobalSection(SolutionConfigurationPlatforms) = preSolution
		Debug|Any CPU = Debug|Any CPU
		Release|Any CPU = Release|Any CPU
	EndGlobalSection
	GlobalSection(ProjectConfigurationPlatforms) = postSolution
		{D7AC0ABE-3A88-454F-87AA-BE3E089747CC}.Debug|Any CPU.ActiveCfg = Debug|Any CPU
		{D7AC0ABE-3A88-454F-87AA-BE3E089747CC}.Debug|Any CPU.Build.0 = Debug|Any CPU
		{D7AC0ABE-3A88-454F-87AA-BE3E089747CC}.Release|Any CPU.ActiveCfg = Release|Any CPU
		{D7AC0ABE-3A88-454F-87AA-BE3E089747CC}.Release|Any CPU.Build.0 = Release|Any CPU
		{C59BD958-7D8B-4E6A-AC5F-F00F025DA004}.Debug|Any CPU.ActiveCfg = Debug|Any CPU
		{C59BD958-7D8B-4E6A-AC5F-F00F025DA004}.Debug|Any CPU.Build.0 = Debug|Any CPU
		{C59BD958-7D8B-4E6A-AC5F-F00F025DA004}.Release|Any CPU.ActiveCfg = Release|Any CPU
		{C59BD958-7D8B-4E6A-AC5F-F00F025DA004}.Release|Any CPU.Build.0 = Release|Any CPU
		{B462EFC6-A964-436F-9A2D-DFE4358AFEA0}.Debug|Any CPU.ActiveCfg = Debug|Any CPU
		{B462EFC6-A964-436F-9A2D-DFE4358AFEA0}.Debug|Any CPU.Build.0 = Debug|Any CPU
		{B462EFC6-A964-436F-9A2D-DFE4358AFEA0}.Release|Any CPU.ActiveCfg = Release|Any CPU
		{B462EFC6-A964-436F-9A2D-DFE4358AFEA0}.Release|Any CPU.Build.0 = Release|Any CPU
		{3E1C9798-7AE3-400E-9B76-3EDBD0DDF77A}.Debug|Any CPU.ActiveCfg = Debug|Any CPU
		{3E1C9798-7AE3-400E-9B76-3EDBD0DDF77A}.Debug|Any CPU.Build.0 = Debug|Any CPU
		{3E1C9798-7AE3-400E-9B76-3EDBD0DDF77A}.Release|Any CPU.ActiveCfg = Release|Any CPU
		{3E1C9798-7AE3-400E-9B76-3EDBD0DDF77A}.Release|Any CPU.Build.0 = Release|Any CPU
		{04F48CDB-0465-4521-9CAA-56C023137A66}.Debug|Any CPU.ActiveCfg = Debug|Any CPU
		{04F48CDB-0465-4521-9CAA-56C023137A66}.Debug|Any CPU.Build.0 = Debug|Any CPU
		{04F48CDB-0465-4521-9CAA-56C023137A66}.Release|Any CPU.ActiveCfg = Release|Any CPU
		{04F48CDB-0465-4521-9CAA-56C023137A66}.Release|Any CPU.Build.0 = Release|Any CPU
		{EB20D34B-2A78-4648-92D9-245AFFB6FE37}.Debug|Any CPU.ActiveCfg = Debug|Any CPU
		{EB20D34B-2A78-4648-92D9-245AFFB6FE37}.Debug|Any CPU.Build.0 = Debug|Any CPU
		{EB20D34B-2A78-4648-92D9-245AFFB6FE37}.Release|Any CPU.ActiveCfg = Release|Any CPU
		{EB20D34B-2A78-4648-92D9-245AFFB6FE37}.Release|Any CPU.Build.0 = Release|Any CPU
		{8F754EE4-7F6A-45E1-AFF0-7270AE7FB354}.Debug|Any CPU.ActiveCfg = Debug|Any CPU
		{8F754EE4-7F6A-45E1-AFF0-7270AE7FB354}.Debug|Any CPU.Build.0 = Debug|Any CPU
		{8F754EE4-7F6A-45E1-AFF0-7270AE7FB354}.Release|Any CPU.ActiveCfg = Release|Any CPU
		{8F754EE4-7F6A-45E1-AFF0-7270AE7FB354}.Release|Any CPU.Build.0 = Release|Any CPU
		{E525185E-A0F3-40DB-9D4D-0EE66DBBCC61}.Debug|Any CPU.ActiveCfg = Debug|Any CPU
		{E525185E-A0F3-40DB-9D4D-0EE66DBBCC61}.Debug|Any CPU.Build.0 = Debug|Any CPU
		{E525185E-A0F3-40DB-9D4D-0EE66DBBCC61}.Release|Any CPU.ActiveCfg = Release|Any CPU
		{E525185E-A0F3-40DB-9D4D-0EE66DBBCC61}.Release|Any CPU.Build.0 = Release|Any CPU
		{61F5DFBD-8105-4599-BE89-2BA89CC97A67}.Debug|Any CPU.ActiveCfg = Debug|Any CPU
		{61F5DFBD-8105-4599-BE89-2BA89CC97A67}.Debug|Any CPU.Build.0 = Debug|Any CPU
		{61F5DFBD-8105-4599-BE89-2BA89CC97A67}.Release|Any CPU.ActiveCfg = Release|Any CPU
		{61F5DFBD-8105-4599-BE89-2BA89CC97A67}.Release|Any CPU.Build.0 = Release|Any CPU
	EndGlobalSection
	GlobalSection(SolutionProperties) = preSolution
		HideSolutionNode = FALSE
	EndGlobalSection
	GlobalSection(NestedProjects) = preSolution
		{E525185E-A0F3-40DB-9D4D-0EE66DBBCC61} = {5E047761-DBC2-486C-AE8B-96FA0A783040}
		{61F5DFBD-8105-4599-BE89-2BA89CC97A67} = {5E047761-DBC2-486C-AE8B-96FA0A783040}
	EndGlobalSection
	GlobalSection(ExtensibilityGlobals) = postSolution
		SolutionGuid = {2E13E18E-B2C1-4DD0-8060-AE99674E0E8B}
	EndGlobalSection
EndGlobal
